// !$*UTF8*$!
{
	archiveVersion = 1;
	classes = {
	};
	objectVersion = 46;
	objects = {

/* Begin PBXBuildFile section */
		22AE82931E1711E95F23958D /* Foundation.framework in Frameworks */ = {isa = PBXBuildFile; fileRef = F714872B29AC3CD9C05D0887 /* Foundation.framework */; };
		2C0BAA63CF3D35A017B16E57 /* SentenceExtractor.swift in Sources */ = {isa = PBXBuildFile; fileRef = 67270F61BFF182D6220F84AA /* SentenceExtractor.swift */; };
		4A379D79CFCC01A1A02A0E54 /* OnDeviceTextEngine.swift in Sources */ = {isa = PBXBuildFile; fileRef = 0EF362530DF603C380F01ACA /* OnDeviceTextEngine.swift */; };
		562A89E4E56C751ACCDAD524 /* TransformModels.swift in Sources */ = {isa = PBXBuildFile; fileRef = 077499F9AA4DC2D4D0A4F94B /* TransformModels.swift */; };
		6720FA426A0825B475A7418B /* Foundation.framework in Frameworks */ = {isa = PBXBuildFile; fileRef = F714872B29AC3CD9C05D0887 /* Foundation.framework */; };
		6CC5994273C6573C94FDAB48 /* SentenceExtractorTests.swift in Sources */ = {isa = PBXBuildFile; fileRef = 2F7652A2480281BDC6C3F8BC /* SentenceExtractorTests.swift */; };
		85C90085414F42C50338E1CE /* LinguaFlowKeyboard.appex in Embed App Extensions */ = {isa = PBXBuildFile; fileRef = 1D8390842A0F11C2F0A0DB8D /* LinguaFlowKeyboard.appex */; };
		8E633FE18C9FBBA9A6DBC8F8 /* OnDeviceTextEngine.swift in Sources */ = {isa = PBXBuildFile; fileRef = 0EF362530DF603C380F01ACA /* OnDeviceTextEngine.swift */; };
		C5097730D617AF025B175593 /* TransformModels.swift in Sources */ = {isa = PBXBuildFile; fileRef = 077499F9AA4DC2D4D0A4F94B /* TransformModels.swift */; };
		C66A06B543E9CA7FAB603FE9 /* Foundation.framework in Frameworks */ = {isa = PBXBuildFile; fileRef = F714872B29AC3CD9C05D0887 /* Foundation.framework */; };
		D40951050CD2393F38D41A2B /* ContentView.swift in Sources */ = {isa = PBXBuildFile; fileRef = 2A9369129208C8601C944533 /* ContentView.swift */; };
		E182EEDF7005F11F0DAEE02E /* SentenceExtractor.swift in Sources */ = {isa = PBXBuildFile; fileRef = 67270F61BFF182D6220F84AA /* SentenceExtractor.swift */; };
		E49545816A58F78759C526BE /* KeyboardViewController.swift in Sources */ = {isa = PBXBuildFile; fileRef = 154BA1EEBC1E1C17EC9AB5D0 /* KeyboardViewController.swift */; };
		E8EA99DF28C920773B0DF746 /* LinguaFlowApp.swift in Sources */ = {isa = PBXBuildFile; fileRef = 2395A90A6C58873AEFAC8237 /* LinguaFlowApp.swift */; };
/* End PBXBuildFile section */

/* Begin PBXContainerItemProxy section */
		DC55A07DFC8C9BC63B352C10 /* PBXContainerItemProxy */ = {
			isa = PBXContainerItemProxy;
			containerPortal = F71709CFB209BAF085E85D52 /* Project object */;
			proxyType = 1;
			remoteGlobalIDString = 8972F603A4BFB9CD61AE9308;
			remoteInfo = LinguaFlowIOS;
		};
		FF783EA78607A4A30FDB7C50 /* PBXContainerItemProxy */ = {
			isa = PBXContainerItemProxy;
			containerPortal = F71709CFB209BAF085E85D52 /* Project object */;
			proxyType = 1;
			remoteGlobalIDString = 6ED55E18C53AFF3744D29E98;
			remoteInfo = LinguaFlowKeyboard;
		};
/* End PBXContainerItemProxy section */

/* Begin PBXCopyFilesBuildPhase section */
		47D07E132D33A688933BAA83 /* Embed App Extensions */ = {
			isa = PBXCopyFilesBuildPhase;
			buildActionMask = 2147483647;
			dstPath = "";
			dstSubfolderSpec = 13;
			files = (
				85C90085414F42C50338E1CE /* LinguaFlowKeyboard.appex in Embed App Extensions */,
			);
			name = "Embed App Extensions";
			runOnlyForDeploymentPostprocessing = 0;
		};
/* End PBXCopyFilesBuildPhase section */

/* Begin PBXFileReference section */
		02E18CDFB61FF1748EB0E27A /* LinguaFlowIOSTests.xctest */ = {isa = PBXFileReference; explicitFileType = wrapper.cfbundle; includeInIndex = 0; path = LinguaFlowIOSTests.xctest; sourceTree = BUILT_PRODUCTS_DIR; };
		077499F9AA4DC2D4D0A4F94B /* TransformModels.swift */ = {isa = PBXFileReference; includeInIndex = 1; lastKnownFileType = sourcecode.swift; path = TransformModels.swift; sourceTree = "<group>"; };
		0EF362530DF603C380F01ACA /* OnDeviceTextEngine.swift */ = {isa = PBXFileReference; includeInIndex = 1; lastKnownFileType = sourcecode.swift; path = OnDeviceTextEngine.swift; sourceTree = "<group>"; };
		154BA1EEBC1E1C17EC9AB5D0 /* KeyboardViewController.swift */ = {isa = PBXFileReference; includeInIndex = 1; lastKnownFileType = sourcecode.swift; path = KeyboardViewController.swift; sourceTree = "<group>"; };
		1D8390842A0F11C2F0A0DB8D /* LinguaFlowKeyboard.appex */ = {isa = PBXFileReference; explicitFileType = "wrapper.app-extension"; includeInIndex = 0; path = LinguaFlowKeyboard.appex; sourceTree = BUILT_PRODUCTS_DIR; };
		2395A90A6C58873AEFAC8237 /* LinguaFlowApp.swift */ = {isa = PBXFileReference; includeInIndex = 1; lastKnownFileType = sourcecode.swift; path = LinguaFlowApp.swift; sourceTree = "<group>"; };
		2A9369129208C8601C944533 /* ContentView.swift */ = {isa = PBXFileReference; includeInIndex = 1; lastKnownFileType = sourcecode.swift; path = ContentView.swift; sourceTree = "<group>"; };
		2F7652A2480281BDC6C3F8BC /* SentenceExtractorTests.swift */ = {isa = PBXFileReference; includeInIndex = 1; lastKnownFileType = sourcecode.swift; path = SentenceExtractorTests.swift; sourceTree = "<group>"; };
		67270F61BFF182D6220F84AA /* SentenceExtractor.swift */ = {isa = PBXFileReference; includeInIndex = 1; lastKnownFileType = sourcecode.swift; path = SentenceExtractor.swift; sourceTree = "<group>"; };
		88368E338A6AB7DEB0D771E6 /* LinguaFlow.app */ = {isa = PBXFileReference; explicitFileType = wrapper.application; includeInIndex = 0; path = LinguaFlow.app; sourceTree = BUILT_PRODUCTS_DIR; };
		F714872B29AC3CD9C05D0887 /* Foundation.framework */ = {isa = PBXFileReference; lastKnownFileType = wrapper.framework; name = Foundation.framework; path = Platforms/iPhoneOS.platform/Developer/SDKs/iPhoneOS18.0.sdk/System/Library/Frameworks/Foundation.framework; sourceTree = DEVELOPER_DIR; };
/* End PBXFileReference section */

/* Begin PBXFrameworksBuildPhase section */
		1FAB9A850B837A0F1EB06C1F /* Frameworks */ = {
			isa = PBXFrameworksBuildPhase;
			buildActionMask = 2147483647;
			files = (
				6720FA426A0825B475A7418B /* Foundation.framework in Frameworks */,
			);
			runOnlyForDeploymentPostprocessing = 0;
		};
		A300FB222A960159D12F7DFC /* Frameworks */ = {
			isa = PBXFrameworksBuildPhase;
			buildActionMask = 2147483647;
			files = (
				C66A06B543E9CA7FAB603FE9 /* Foundation.framework in Frameworks */,
			);
			runOnlyForDeploymentPostprocessing = 0;
		};
		AB37A25CB68AD6B1445F07BF /* Frameworks */ = {
			isa = PBXFrameworksBuildPhase;
			buildActionMask = 2147483647;
			files = (
				22AE82931E1711E95F23958D /* Foundation.framework in Frameworks */,
			);
			runOnlyForDeploymentPostprocessing = 0;
		};
/* End PBXFrameworksBuildPhase section */

/* Begin PBXGroup section */
		126202CF931A259D5B64D7BF /* LinguaFlowApp */ = {
			isa = PBXGroup;
			children = (
				2395A90A6C58873AEFAC8237 /* LinguaFlowApp.swift */,
				2A9369129208C8601C944533 /* ContentView.swift */,
			);
			path = LinguaFlowApp;
			sourceTree = "<group>";
		};
		12B86305D4DF06917A0D648D /* LinguaFlowKeyboard */ = {
			isa = PBXGroup;
			children = (
				154BA1EEBC1E1C17EC9AB5D0 /* KeyboardViewController.swift */,
			);
			path = LinguaFlowKeyboard;
			sourceTree = "<group>";
		};
		358F6C3DB533B0E0C49FE84A /* Frameworks */ = {
			isa = PBXGroup;
			children = (
				60A6087CE9DCBC88B1A9D6F4 /* iOS */,
			);
			name = Frameworks;
			sourceTree = "<group>";
		};
		51A831E3AD2DAAF41D90E46E = {
			isa = PBXGroup;
			children = (
				D0914E4AE26C914BAEA8A156 /* Products */,
				358F6C3DB533B0E0C49FE84A /* Frameworks */,
				F6E4EDA679E6FF5D5E7DB9E0 /* Shared */,
				126202CF931A259D5B64D7BF /* LinguaFlowApp */,
				12B86305D4DF06917A0D648D /* LinguaFlowKeyboard */,
				EAF282867306A0AB4A131D57 /* LinguaFlowIOSTests */,
			);
			sourceTree = "<group>";
		};
		60A6087CE9DCBC88B1A9D6F4 /* iOS */ = {
			isa = PBXGroup;
			children = (
				F714872B29AC3CD9C05D0887 /* Foundation.framework */,
			);
			name = iOS;
			sourceTree = "<group>";
		};
		D0914E4AE26C914BAEA8A156 /* Products */ = {
			isa = PBXGroup;
			children = (
				88368E338A6AB7DEB0D771E6 /* LinguaFlow.app */,
				1D8390842A0F11C2F0A0DB8D /* LinguaFlowKeyboard.appex */,
				02E18CDFB61FF1748EB0E27A /* LinguaFlowIOSTests.xctest */,
			);
			name = Products;
			sourceTree = "<group>";
		};
		EAF282867306A0AB4A131D57 /* LinguaFlowIOSTests */ = {
			isa = PBXGroup;
			children = (
				2F7652A2480281BDC6C3F8BC /* SentenceExtractorTests.swift */,
			);
			path = LinguaFlowIOSTests;
			sourceTree = "<group>";
		};
		F6E4EDA679E6FF5D5E7DB9E0 /* Shared */ = {
			isa = PBXGroup;
			children = (
				077499F9AA4DC2D4D0A4F94B /* TransformModels.swift */,
				67270F61BFF182D6220F84AA /* SentenceExtractor.swift */,
				0EF362530DF603C380F01ACA /* OnDeviceTextEngine.swift */,
			);
			path = Shared;
			sourceTree = "<group>";
		};
/* End PBXGroup section */

/* Begin PBXNativeTarget section */
		6ED55E18C53AFF3744D29E98 /* LinguaFlowKeyboard */ = {
			isa = PBXNativeTarget;
			buildConfigurationList = 5E5D9506FA49EB9A9E2500C5 /* Build configuration list for PBXNativeTarget "LinguaFlowKeyboard" */;
			buildPhases = (
				05407EEB2811DFB606324C50 /* Sources */,
				1FAB9A850B837A0F1EB06C1F /* Frameworks */,
				5614FD3E2AF117207F5A190D /* Resources */,
			);
			buildRules = (
			);
			dependencies = (
			);
			name = LinguaFlowKeyboard;
			productName = LinguaFlowKeyboard;
			productReference = 1D8390842A0F11C2F0A0DB8D /* LinguaFlowKeyboard.appex */;
			productType = "com.apple.product-type.app-extension";
		};
		8972F603A4BFB9CD61AE9308 /* LinguaFlowIOS */ = {
			isa = PBXNativeTarget;
			buildConfigurationList = 47ADBC61B4B7B77107267C2A /* Build configuration list for PBXNativeTarget "LinguaFlowIOS" */;
			buildPhases = (
				57DDE31A58E842F8C391F590 /* Sources */,
				A300FB222A960159D12F7DFC /* Frameworks */,
				DA6574CA3D1B403BDEB2D9E3 /* Resources */,
				47D07E132D33A688933BAA83 /* Embed App Extensions */,
			);
			buildRules = (
			);
			dependencies = (
				4C7BE33CEDA46E133EEA79DD /* PBXTargetDependency */,
			);
			name = LinguaFlowIOS;
			productName = LinguaFlowIOS;
			productReference = 88368E338A6AB7DEB0D771E6 /* LinguaFlow.app */;
			productType = "com.apple.product-type.application";
		};
		E3581E62AF77A4EEB7973923 /* LinguaFlowIOSTests */ = {
			isa = PBXNativeTarget;
			buildConfigurationList = BB3C3D5CFC86B9BC1EE84C7C /* Build configuration list for PBXNativeTarget "LinguaFlowIOSTests" */;
			buildPhases = (
				F71594C5513946176E871A3F /* Sources */,
				AB37A25CB68AD6B1445F07BF /* Frameworks */,
				4D070B599113732EB24CA6E3 /* Resources */,
			);
			buildRules = (
			);
			dependencies = (
				BE42F8922F12F51201018C69 /* PBXTargetDependency */,
			);
			name = LinguaFlowIOSTests;
			productName = LinguaFlowIOSTests;
			productReference = 02E18CDFB61FF1748EB0E27A /* LinguaFlowIOSTests.xctest */;
			productType = "com.apple.product-type.bundle.unit-test";
		};
/* End PBXNativeTarget section */

/* Begin PBXProject section */
		F71709CFB209BAF085E85D52 /* Project object */ = {
			isa = PBXProject;
			attributes = {
				LastSwiftUpdateCheck = 2660;
				LastUpgradeCheck = 2660;
				TargetAttributes = {
					6ED55E18C53AFF3744D29E98 = {
						DevelopmentTeam = 62TPBL7279;
						ProvisioningStyle = Automatic;
					};
					8972F603A4BFB9CD61AE9308 = {
						DevelopmentTeam = 62TPBL7279;
						ProvisioningStyle = Automatic;
					};
					E3581E62AF77A4EEB7973923 = {
						ProvisioningStyle = Automatic;
					};
				};
			};
			buildConfigurationList = 36A7800C851275BA3F0620BC /* Build configuration list for PBXProject "LinguaFlowIOS" */;
			compatibilityVersion = "Xcode 3.2";
			developmentRegion = en;
			hasScannedForEncodings = 0;
			knownRegions = (
				en,
				Base,
			);
			mainGroup = 51A831E3AD2DAAF41D90E46E;
			productRefGroup = D0914E4AE26C914BAEA8A156 /* Products */;
			projectDirPath = "";
			projectRoot = "";
			targets = (
				8972F603A4BFB9CD61AE9308 /* LinguaFlowIOS */,
				6ED55E18C53AFF3744D29E98 /* LinguaFlowKeyboard */,
				E3581E62AF77A4EEB7973923 /* LinguaFlowIOSTests */,
			);
		};
/* End PBXProject section */

/* Begin PBXResourcesBuildPhase section */
		4D070B599113732EB24CA6E3 /* Resources */ = {
			isa = PBXResourcesBuildPhase;
			buildActionMask = 2147483647;
			files = (
			);
			runOnlyForDeploymentPostprocessing = 0;
		};
		5614FD3E2AF117207F5A190D /* Resources */ = {
			isa = PBXResourcesBuildPhase;
			buildActionMask = 2147483647;
			files = (
			);
			runOnlyForDeploymentPostprocessing = 0;
		};
		DA6574CA3D1B403BDEB2D9E3 /* Resources */ = {
			isa = PBXResourcesBuildPhase;
			buildActionMask = 2147483647;
			files = (
			);
			runOnlyForDeploymentPostprocessing = 0;
		};
/* End PBXResourcesBuildPhase section */

/* Begin PBXSourcesBuildPhase section */
		05407EEB2811DFB606324C50 /* Sources */ = {
			isa = PBXSourcesBuildPhase;
			buildActionMask = 2147483647;
			files = (
				C5097730D617AF025B175593 /* TransformModels.swift in Sources */,
				E182EEDF7005F11F0DAEE02E /* SentenceExtractor.swift in Sources */,
				4A379D79CFCC01A1A02A0E54 /* OnDeviceTextEngine.swift in Sources */,
				E49545816A58F78759C526BE /* KeyboardViewController.swift in Sources */,
			);
			runOnlyForDeploymentPostprocessing = 0;
		};
		57DDE31A58E842F8C391F590 /* Sources */ = {
			isa = PBXSourcesBuildPhase;
			buildActionMask = 2147483647;
			files = (
				562A89E4E56C751ACCDAD524 /* TransformModels.swift in Sources */,
				2C0BAA63CF3D35A017B16E57 /* SentenceExtractor.swift in Sources */,
				8E633FE18C9FBBA9A6DBC8F8 /* OnDeviceTextEngine.swift in Sources */,
				E8EA99DF28C920773B0DF746 /* LinguaFlowApp.swift in Sources */,
				D40951050CD2393F38D41A2B /* ContentView.swift in Sources */,
			);
			runOnlyForDeploymentPostprocessing = 0;
		};
		F71594C5513946176E871A3F /* Sources */ = {
			isa = PBXSourcesBuildPhase;
			buildActionMask = 2147483647;
			files = (
				6CC5994273C6573C94FDAB48 /* SentenceExtractorTests.swift in Sources */,
			);
			runOnlyForDeploymentPostprocessing = 0;
		};
/* End PBXSourcesBuildPhase section */

/* Begin PBXTargetDependency section */
		4C7BE33CEDA46E133EEA79DD /* PBXTargetDependency */ = {
			isa = PBXTargetDependency;
			name = LinguaFlowKeyboard;
			target = 6ED55E18C53AFF3744D29E98 /* LinguaFlowKeyboard */;
			targetProxy = FF783EA78607A4A30FDB7C50 /* PBXContainerItemProxy */;
		};
		BE42F8922F12F51201018C69 /* PBXTargetDependency */ = {
			isa = PBXTargetDependency;
			name = LinguaFlowIOS;
			target = 8972F603A4BFB9CD61AE9308 /* LinguaFlowIOS */;
			targetProxy = DC55A07DFC8C9BC63B352C10 /* PBXContainerItemProxy */;
		};
/* End PBXTargetDependency section */

/* Begin XCBuildConfiguration section */
		1056946B1751E3C5A1BCCF11 /* Release */ = {
			isa = XCBuildConfiguration;
			buildSettings = {
				ASSETCATALOG_COMPILER_APPICON_NAME = "";
				ASSETCATALOG_COMPILER_GLOBAL_ACCENT_COLOR_NAME = AccentColor;
				CLANG_ENABLE_OBJC_WEAK = NO;
				CODE_SIGN_STYLE = Automatic;
				CURRENT_PROJECT_VERSION = 1;
				DEVELOPMENT_TEAM = 62TPBL7279;
				GENERATE_INFOPLIST_FILE = NO;
				INFOPLIST_FILE = LinguaFlowApp/Info.plist;
				IPHONEOS_DEPLOYMENT_TARGET = 26.0;
				LD_RUNPATH_SEARCH_PATHS = "$(inherited) @executable_path/Frameworks";
				MARKETING_VERSION = 0.1.0;
				PRODUCT_BUNDLE_IDENTIFIER = com.linguaflow.ios;
				PRODUCT_MODULE_NAME = LinguaFlowIOS;
				PRODUCT_NAME = LinguaFlow;
				SDKROOT = iphoneos;
				SWIFT_EMIT_LOC_STRINGS = YES;
				TARGETED_DEVICE_FAMILY = "1,2";
				VALIDATE_PRODUCT = YES;
			};
			name = Release;
		};
		1A2F75147955841FCD8B16F5 /* Release */ = {
			isa = XCBuildConfiguration;
			buildSettings = {
				APPLICATION_EXTENSION_API_ONLY = YES;
				CLANG_ENABLE_OBJC_WEAK = NO;
				CODE_SIGN_STYLE = Automatic;
				CURRENT_PROJECT_VERSION = 1;
				DEVELOPMENT_TEAM = 62TPBL7279;
				GENERATE_INFOPLIST_FILE = NO;
				INFOPLIST_FILE = LinguaFlowKeyboard/Info.plist;
				IPHONEOS_DEPLOYMENT_TARGET = 26.0;
				MARKETING_VERSION = 0.1.0;
				PRODUCT_BUNDLE_IDENTIFIER = com.linguaflow.ios.keyboard;
				PRODUCT_MODULE_NAME = LinguaFlowKeyboard;
				PRODUCT_NAME = LinguaFlowKeyboard;
				SDKROOT = iphoneos;
				SKIP_INSTALL = YES;
				TARGETED_DEVICE_FAMILY = "1,2";
				VALIDATE_PRODUCT = YES;
			};
			name = Release;
		};
		29D2E01506C6E8C49F9B87E7 /* Debug */ = {
			isa = XCBuildConfiguration;
			buildSettings = {
				APPLICATION_EXTENSION_API_ONLY = YES;
				CLANG_ENABLE_OBJC_WEAK = NO;
				CODE_SIGN_STYLE = Automatic;
				CURRENT_PROJECT_VERSION = 1;
				DEVELOPMENT_TEAM = 62TPBL7279;
				GENERATE_INFOPLIST_FILE = NO;
				INFOPLIST_FILE = LinguaFlowKeyboard/Info.plist;
				IPHONEOS_DEPLOYMENT_TARGET = 26.0;
				MARKETING_VERSION = 0.1.0;
				PRODUCT_BUNDLE_IDENTIFIER = com.linguaflow.ios.keyboard;
				PRODUCT_MODULE_NAME = LinguaFlowKeyboard;
				PRODUCT_NAME = LinguaFlowKeyboard;
				SDKROOT = iphoneos;
				SKIP_INSTALL = YES;
				TARGETED_DEVICE_FAMILY = "1,2";
			};
			name = Debug;
		};
		3EE43944B1B6C5FF4EF2B8A6 /* Debug */ = {
			isa = XCBuildConfiguration;
			buildSettings = {
				ASSETCATALOG_COMPILER_APPICON_NAME = "";
				ASSETCATALOG_COMPILER_GLOBAL_ACCENT_COLOR_NAME = AccentColor;
				CLANG_ENABLE_OBJC_WEAK = NO;
				CODE_SIGN_STYLE = Automatic;
				CURRENT_PROJECT_VERSION = 1;
				DEVELOPMENT_TEAM = 62TPBL7279;
				GENERATE_INFOPLIST_FILE = NO;
				INFOPLIST_FILE = LinguaFlowApp/Info.plist;
				IPHONEOS_DEPLOYMENT_TARGET = 26.0;
				LD_RUNPATH_SEARCH_PATHS = "$(inherited) @executable_path/Frameworks";
				MARKETING_VERSION = 0.1.0;
				PRODUCT_BUNDLE_IDENTIFIER = com.linguaflow.ios;
				PRODUCT_MODULE_NAME = LinguaFlowIOS;
				PRODUCT_NAME = LinguaFlow;
				SDKROOT = iphoneos;
				SWIFT_EMIT_LOC_STRINGS = YES;
				TARGETED_DEVICE_FAMILY = "1,2";
			};
			name = Debug;
		};
		48EA863D4E429487A932F9CE /* Debug */ = {
			isa = XCBuildConfiguration;
			buildSettings = {
				BUNDLE_LOADER = "$(TEST_HOST)";
				CLANG_ENABLE_OBJC_WEAK = NO;
				CODE_SIGN_STYLE = Automatic;
				GENERATE_INFOPLIST_FILE = YES;
				IPHONEOS_DEPLOYMENT_TARGET = 26.0;
				PRODUCT_BUNDLE_IDENTIFIER = com.linguaflow.ios.tests;
				PRODUCT_MODULE_NAME = LinguaFlowIOSTests;
				PRODUCT_NAME = LinguaFlowIOSTests;
				SDKROOT = iphoneos;
				TARGETED_DEVICE_FAMILY = "1,2";
				TEST_HOST = "$(BUILT_PRODUCTS_DIR)/LinguaFlow.app/$(BUNDLE_EXECUTABLE_FOLDER_PATH)/LinguaFlow";
			};
			name = Debug;
		};
		5C30D69ECDA3130B6118CCDB /* Debug */ = {
			isa = XCBuildConfiguration;
			buildSettings = {
				ALWAYS_SEARCH_USER_PATHS = NO;
				CLANG_ANALYZER_NONNULL = YES;
				CLANG_ANALYZER_NUMBER_OBJECT_CONVERSION = YES_AGGRESSIVE;
				CLANG_CXX_LANGUAGE_STANDARD = "gnu++14";
				CLANG_CXX_LIBRARY = "libc++";
				CLANG_ENABLE_MODULES = YES;
				CLANG_ENABLE_OBJC_ARC = YES;
				CLANG_ENABLE_OBJC_WEAK = YES;
				CLANG_WARN_BLOCK_CAPTURE_AUTORELEASING = YES;
				CLANG_WARN_BOOL_CONVERSION = YES;
				CLANG_WARN_COMMA = YES;
				CLANG_WARN_CONSTANT_CONVERSION = YES;
				CLANG_WARN_DEPRECATED_OBJC_IMPLEMENTATIONS = YES;
				CLANG_WARN_DIRECT_OBJC_ISA_USAGE = YES_ERROR;
				CLANG_WARN_DOCUMENTATION_COMMENTS = YES;
				CLANG_WARN_EMPTY_BODY = YES;
				CLANG_WARN_ENUM_CONVERSION = YES;
				CLANG_WARN_INFINITE_RECURSION = YES;
				CLANG_WARN_INT_CONVERSION = YES;
				CLANG_WARN_NON_LITERAL_NULL_CONVERSION = YES;
				CLANG_WARN_OBJC_IMPLICIT_RETAIN_SELF = YES;
				CLANG_WARN_OBJC_LITERAL_CONVERSION = YES;
				CLANG_WARN_OBJC_ROOT_CLASS = YES_ERROR;
				CLANG_WARN_QUOTED_INCLUDE_IN_FRAMEWORK_HEADER = YES;
				CLANG_WARN_RANGE_LOOP_ANALYSIS = YES;
				CLANG_WARN_STRICT_PROTOTYPES = YES;
				CLANG_WARN_SUSPICIOUS_MOVE = YES;
				CLANG_WARN_UNGUARDED_AVAILABILITY = YES_AGGRESSIVE;
				CLANG_WARN_UNREACHABLE_CODE = YES;
				CLANG_WARN__DUPLICATE_METHOD_MATCH = YES;
				COPY_PHASE_STRIP = NO;
				DEBUG_INFORMATION_FORMAT = dwarf;
				ENABLE_STRICT_OBJC_MSGSEND = YES;
				ENABLE_TESTABILITY = YES;
				GCC_C_LANGUAGE_STANDARD = gnu11;
				GCC_DYNAMIC_NO_PIC = NO;
				GCC_NO_COMMON_BLOCKS = YES;
				GCC_OPTIMIZATION_LEVEL = 0;
				GCC_PREPROCESSOR_DEFINITIONS = (
					"DEBUG=1",
					"$(inherited)",
				);
				GCC_WARN_64_TO_32_BIT_CONVERSION = YES;
				GCC_WARN_ABOUT_RETURN_TYPE = YES_ERROR;
				GCC_WARN_UNDECLARED_SELECTOR = YES;
				GCC_WARN_UNINITIALIZED_AUTOS = YES_AGGRESSIVE;
				GCC_WARN_UNUSED_FUNCTION = YES;
				GCC_WARN_UNUSED_VARIABLE = YES;
				IPHONEOS_DEPLOYMENT_TARGET = 26.0;
				MTL_ENABLE_DEBUG_INFO = INCLUDE_SOURCE;
				MTL_FAST_MATH = YES;
				ONLY_ACTIVE_ARCH = YES;
				PRODUCT_NAME = "$(TARGET_NAME)";
				SWIFT_ACTIVE_COMPILATION_CONDITIONS = DEBUG;
				SWIFT_OPTIMIZATION_LEVEL = "-Onone";
				SWIFT_VERSION = 6.0;
			};
			name = Debug;
		};
		888C6B439BEFA4DB70BF2E87 /* Release */ = {
			isa = XCBuildConfiguration;
			buildSettings = {
				BUNDLE_LOADER = "$(TEST_HOST)";
				CLANG_ENABLE_OBJC_WEAK = NO;
				CODE_SIGN_STYLE = Automatic;
				GENERATE_INFOPLIST_FILE = YES;
				IPHONEOS_DEPLOYMENT_TARGET = 26.0;
				PRODUCT_BUNDLE_IDENTIFIER = com.linguaflow.ios.tests;
				PRODUCT_MODULE_NAME = LinguaFlowIOSTests;
				PRODUCT_NAME = LinguaFlowIOSTests;
				SDKROOT = iphoneos;
				TARGETED_DEVICE_FAMILY = "1,2";
				TEST_HOST = "$(BUILT_PRODUCTS_DIR)/LinguaFlow.app/$(BUNDLE_EXECUTABLE_FOLDER_PATH)/LinguaFlow";
				VALIDATE_PRODUCT = YES;
			};
			name = Release;
		};
		95DD535AD45023752560A49E /* Release */ = {
			isa = XCBuildConfiguration;
			buildSettings = {
				ALWAYS_SEARCH_USER_PATHS = NO;
				CLANG_ANALYZER_NONNULL = YES;
				CLANG_ANALYZER_NUMBER_OBJECT_CONVERSION = YES_AGGRESSIVE;
				CLANG_CXX_LANGUAGE_STANDARD = "gnu++14";
				CLANG_CXX_LIBRARY = "libc++";
				CLANG_ENABLE_MODULES = YES;
				CLANG_ENABLE_OBJC_ARC = YES;
				CLANG_ENABLE_OBJC_WEAK = YES;
				CLANG_WARN_BLOCK_CAPTURE_AUTORELEASING = YES;
				CLANG_WARN_BOOL_CONVERSION = YES;
				CLANG_WARN_COMMA = YES;
				CLANG_WARN_CONSTANT_CONVERSION = YES;
				CLANG_WARN_DEPRECATED_OBJC_IMPLEMENTATIONS = YES;
				CLANG_WARN_DIRECT_OBJC_ISA_USAGE = YES_ERROR;
				CLANG_WARN_DOCUMENTATION_COMMENTS = YES;
				CLANG_WARN_EMPTY_BODY = YES;
				CLANG_WARN_ENUM_CONVERSION = YES;
				CLANG_WARN_INFINITE_RECURSION = YES;
				CLANG_WARN_INT_CONVERSION = YES;
				CLANG_WARN_NON_LITERAL_NULL_CONVERSION = YES;
				CLANG_WARN_OBJC_IMPLICIT_RETAIN_SELF = YES;
				CLANG_WARN_OBJC_LITERAL_CONVERSION = YES;
				CLANG_WARN_OBJC_ROOT_CLASS = YES_ERROR;
				CLANG_WARN_QUOTED_INCLUDE_IN_FRAMEWORK_HEADER = YES;
				CLANG_WARN_RANGE_LOOP_ANALYSIS = YES;
				CLANG_WARN_STRICT_PROTOTYPES = YES;
				CLANG_WARN_SUSPICIOUS_MOVE = YES;
				CLANG_WARN_UNGUARDED_AVAILABILITY = YES_AGGRESSIVE;
				CLANG_WARN_UNREACHABLE_CODE = YES;
				CLANG_WARN__DUPLICATE_METHOD_MATCH = YES;
				COPY_PHASE_STRIP = NO;
				DEBUG_INFORMATION_FORMAT = "dwarf-with-dsym";
				ENABLE_NS_ASSERTIONS = NO;
				ENABLE_STRICT_OBJC_MSGSEND = YES;
				GCC_C_LANGUAGE_STANDARD = gnu11;
				GCC_NO_COMMON_BLOCKS = YES;
				GCC_WARN_64_TO_32_BIT_CONVERSION = YES;
				GCC_WARN_ABOUT_RETURN_TYPE = YES_ERROR;
				GCC_WARN_UNDECLARED_SELECTOR = YES;
				GCC_WARN_UNINITIALIZED_AUTOS = YES_AGGRESSIVE;
				GCC_WARN_UNUSED_FUNCTION = YES;
				GCC_WARN_UNUSED_VARIABLE = YES;
				IPHONEOS_DEPLOYMENT_TARGET = 26.0;
				MTL_ENABLE_DEBUG_INFO = NO;
				MTL_FAST_MATH = YES;
				PRODUCT_NAME = "$(TARGET_NAME)";
				SWIFT_OPTIMIZATION_LEVEL = "-Owholemodule";
				SWIFT_VERSION = 6.0;
			};
			name = Release;
		};
/* End XCBuildConfiguration section */

/* Begin XCConfigurationList section */
		36A7800C851275BA3F0620BC /* Build configuration list for PBXProject "LinguaFlowIOS" */ = {
			isa = XCConfigurationList;
			buildConfigurations = (
				5C30D69ECDA3130B6118CCDB /* Debug */,
				95DD535AD45023752560A49E /* Release */,
			);
			defaultConfigurationIsVisible = 0;
			defaultConfigurationName = Release;
		};
		47ADBC61B4B7B77107267C2A /* Build configuration list for PBXNativeTarget "LinguaFlowIOS" */ = {
			isa = XCConfigurationList;
			buildConfigurations = (
				1056946B1751E3C5A1BCCF11 /* Release */,
				3EE43944B1B6C5FF4EF2B8A6 /* Debug */,
			);
			defaultConfigurationIsVisible = 0;
			defaultConfigurationName = Release;
		};
		5E5D9506FA49EB9A9E2500C5 /* Build configuration list for PBXNativeTarget "LinguaFlowKeyboard" */ = {
			isa = XCConfigurationList;
			buildConfigurations = (
				1A2F75147955841FCD8B16F5 /* Release */,
				29D2E01506C6E8C49F9B87E7 /* Debug */,
			);
			defaultConfigurationIsVisible = 0;
			defaultConfigurationName = Release;
		};
		BB3C3D5CFC86B9BC1EE84C7C /* Build configuration list for PBXNativeTarget "LinguaFlowIOSTests" */ = {
			isa = XCConfigurationList;
			buildConfigurations = (
				888C6B439BEFA4DB70BF2E87 /* Release */,
				48EA863D4E429487A932F9CE /* Debug */,
			);
			defaultConfigurationIsVisible = 0;
			defaultConfigurationName = Release;
		};
/* End XCConfigurationList section */
	};
	rootObject = F71709CFB209BAF085E85D52 /* Project object */;
}
